// !$*UTF8*$!
{
	archiveVersion = 1;
	classes = {
	};
	objectVersion = 56;
	objects = {

/* Begin PBXBuildFile section */
		1C79F28F2C0614D200980F80 /* AppDelegate.swift in Sources */ = {isa = PBXBuildFile; fileRef = 1C79F28E2C0614D200980F80 /* AppDelegate.swift */; };
		1C79F2932C0614D200980F80 /* HomeVC.swift in Sources */ = {isa = PBXBuildFile; fileRef = 1C79F2922C0614D200980F80 /* HomeVC.swift */; };
		1C79F2962C0614D200980F80 /* Base in Resources */ = {isa = PBXBuildFile; fileRef = 1C79F2952C0614D200980F80 /* Base */; };
		1C79F2982C0614D300980F80 /* Assets.xcassets in Resources */ = {isa = PBXBuildFile; fileRef = 1C79F2972C0614D300980F80 /* Assets.xcassets */; };
		1C79F29B2C0614D300980F80 /* Base in Resources */ = {isa = PBXBuildFile; fileRef = 1C79F29A2C0614D300980F80 /* Base */; };
		1C79F2AF2C0615F800980F80 /* AlamofireApiService.swift in Sources */ = {isa = PBXBuildFile; fileRef = 1C79F2AE2C0615F800980F80 /* AlamofireApiService.swift */; };
		1C79F2B12C06160B00980F80 /* APIEndPointType.swift in Sources */ = {isa = PBXBuildFile; fileRef = 1C79F2B02C06160B00980F80 /* APIEndPointType.swift */; };
		1C79F2B32C06162000980F80 /* ApiTypeConfiguration+Extension.swift in Sources */ = {isa = PBXBuildFile; fileRef = 1C79F2B22C06162000980F80 /* ApiTypeConfiguration+Extension.swift */; };
		1C79F2B72C06164A00980F80 /* Constant.swift in Sources */ = {isa = PBXBuildFile; fileRef = 1C79F2B62C06164A00980F80 /* Constant.swift */; };
		1C79F2B92C06165A00980F80 /* Logger.swift in Sources */ = {isa = PBXBuildFile; fileRef = 1C79F2B82C06165A00980F80 /* Logger.swift */; };
		1C79F2BF2C0616AF00980F80 /* HomeViewModel.swift in Sources */ = {isa = PBXBuildFile; fileRef = 1C79F2BE2C0616AF00980F80 /* HomeViewModel.swift */; };
		1C79F2C22C06178C00980F80 /* PostTableViewCell.swift in Sources */ = {isa = PBXBuildFile; fileRef = 1C79F2C02C06178C00980F80 /* PostTableViewCell.swift */; };
		1C79F2C32C06178C00980F80 /* PostTableViewCell.xib in Resources */ = {isa = PBXBuildFile; fileRef = 1C79F2C12C06178C00980F80 /* PostTableViewCell.xib */; };
		1C79F2C52C0618BD00980F80 /* PostModel.swift in Sources */ = {isa = PBXBuildFile; fileRef = 1C79F2C42C0618BD00980F80 /* PostModel.swift */; };
		1C79F2C72C061CB500980F80 /* UIViewController+Extension.swift in Sources */ = {isa = PBXBuildFile; fileRef = 1C79F2C62C061CB500980F80 /* UIViewController+Extension.swift */; };
		1C79F2CB2C06307600980F80 /* PostDetailsVC.swift in Sources */ = {isa = PBXBuildFile; fileRef = 1C79F2CA2C06307600980F80 /* PostDetailsVC.swift */; };
		1C79F2CE2C06313F00980F80 /* PostDetailsViewModel.swift in Sources */ = {isa = PBXBuildFile; fileRef = 1C79F2CD2C06313F00980F80 /* PostDetailsViewModel.swift */; };
		35EEFCBED55B01F2F0B23C0B /* Pods_DataListAndPagination.framework in Frameworks */ = {isa = PBXBuildFile; fileRef = 40DC0FE8E66A8A3BA2DB1234 /* Pods_DataListAndPagination.framework */; };
/* End PBXBuildFile section */

/* Begin PBXFileReference section */
		1C79F28B2C0614D200980F80 /* DataListAndPagination.app */ = {isa = PBXFileReference; explicitFileType = wrapper.application; includeInIndex = 0; path = DataListAndPagination.app; sourceTree = BUILT_PRODUCTS_DIR; };
		1C79F28E2C0614D200980F80 /* AppDelegate.swift */ = {isa = PBXFileReference; lastKnownFileType = sourcecode.swift; path = AppDelegate.swift; sourceTree = "<group>"; };
		1C79F2922C0614D200980F80 /* HomeVC.swift */ = {isa = PBXFileReference; lastKnownFileType = sourcecode.swift; path = HomeVC.swift; sourceTree = "<group>"; };
		1C79F2952C0614D200980F80 /* Base */ = {isa = PBXFileReference; lastKnownFileType = file.storyboard; name = Base; path = Base.lproj/Main.storyboard; sourceTree = "<group>"; };
		1C79F2972C0614D300980F80 /* Assets.xcassets */ = {isa = PBXFileReference; lastKnownFileType = folder.assetcatalog; path = Assets.xcassets; sourceTree = "<group>"; };
		1C79F29A2C0614D300980F80 /* Base */ = {isa = PBXFileReference; lastKnownFileType = file.storyboard; name = Base; path = Base.lproj/LaunchScreen.storyboard; sourceTree = "<group>"; };
		1C79F29C2C0614D300980F80 /* Info.plist */ = {isa = PBXFileReference; lastKnownFileType = text.plist.xml; path = Info.plist; sourceTree = "<group>"; };
		1C79F2AE2C0615F800980F80 /* AlamofireApiService.swift */ = {isa = PBXFileReference; lastKnownFileType = sourcecode.swift; path = AlamofireApiService.swift; sourceTree = "<group>"; };
		1C79F2B02C06160B00980F80 /* APIEndPointType.swift */ = {isa = PBXFileReference; lastKnownFileType = sourcecode.swift; path = APIEndPointType.swift; sourceTree = "<group>"; };
		1C79F2B22C06162000980F80 /* ApiTypeConfiguration+Extension.swift */ = {isa = PBXFileReference; lastKnownFileType = sourcecode.swift; path = "ApiTypeConfiguration+Extension.swift"; sourceTree = "<group>"; };
		1C79F2B62C06164A00980F80 /* Constant.swift */ = {isa = PBXFileReference; lastKnownFileType = sourcecode.swift; path = Constant.swift; sourceTree = "<group>"; };
		1C79F2B82C06165A00980F80 /* Logger.swift */ = {isa = PBXFileReference; lastKnownFileType = sourcecode.swift; path = Logger.swift; sourceTree = "<group>"; };
		1C79F2BE2C0616AF00980F80 /* HomeViewModel.swift */ = {isa = PBXFileReference; lastKnownFileType = sourcecode.swift; path = HomeViewModel.swift; sourceTree = "<group>"; };
		1C79F2C02C06178C00980F80 /* PostTableViewCell.swift */ = {isa = PBXFileReference; lastKnownFileType = sourcecode.swift; path = PostTableViewCell.swift; sourceTree = "<group>"; };
		1C79F2C12C06178C00980F80 /* PostTableViewCell.xib */ = {isa = PBXFileReference; lastKnownFileType = file.xib; path = PostTableViewCell.xib; sourceTree = "<group>"; };
		1C79F2C42C0618BD00980F80 /* PostModel.swift */ = {isa = PBXFileReference; lastKnownFileType = sourcecode.swift; path = PostModel.swift; sourceTree = "<group>"; };
		1C79F2C62C061CB500980F80 /* UIViewController+Extension.swift */ = {isa = PBXFileReference; lastKnownFileType = sourcecode.swift; path = "UIViewController+Extension.swift"; sourceTree = "<group>"; };
		1C79F2CA2C06307600980F80 /* PostDetailsVC.swift */ = {isa = PBXFileReference; lastKnownFileType = sourcecode.swift; path = PostDetailsVC.swift; sourceTree = "<group>"; };
		1C79F2CD2C06313F00980F80 /* PostDetailsViewModel.swift */ = {isa = PBXFileReference; lastKnownFileType = sourcecode.swift; path = PostDetailsViewModel.swift; sourceTree = "<group>"; };
		40DC0FE8E66A8A3BA2DB1234 /* Pods_DataListAndPagination.framework */ = {isa = PBXFileReference; explicitFileType = wrapper.framework; includeInIndex = 0; path = Pods_DataListAndPagination.framework; sourceTree = BUILT_PRODUCTS_DIR; };
		60AFFC8719198B404391E612 /* Pods-DataListAndPagination.debug.xcconfig */ = {isa = PBXFileReference; includeInIndex = 1; lastKnownFileType = text.xcconfig; name = "Pods-DataListAndPagination.debug.xcconfig"; path = "Target Support Files/Pods-DataListAndPagination/Pods-DataListAndPagination.debug.xcconfig"; sourceTree = "<group>"; };
		996C4DC828005BC3DFBDF922 /* Pods-DataListAndPagination.release.xcconfig */ = {isa = PBXFileReference; includeInIndex = 1; lastKnownFileType = text.xcconfig; name = "Pods-DataListAndPagination.release.xcconfig"; path = "Target Support Files/Pods-DataListAndPagination/Pods-DataListAndPagination.release.xcconfig"; sourceTree = "<group>"; };
/* End PBXFileReference section */

/* Begin PBXFrameworksBuildPhase section */
		1C79F2882C0614D200980F80 /* Frameworks */ = {
			isa = PBXFrameworksBuildPhase;
			buildActionMask = 2147483647;
			files = (
				35EEFCBED55B01F2F0B23C0B /* Pods_DataListAndPagination.framework in Frameworks */,
			);
			runOnlyForDeploymentPostprocessing = 0;
		};
/* End PBXFrameworksBuildPhase section */

/* Begin PBXGroup section */
		1C79F2822C0614D200980F80 = {
			isa = PBXGroup;
			children = (
				1C79F28D2C0614D200980F80 /* DataListAndPagination */,
				1C79F28C2C0614D200980F80 /* Products */,
				367BAAD47123FB68842E5EEF /* Pods */,
				42007EEDFCDF3D3490D26A04 /* Frameworks */,
			);
			sourceTree = "<group>";
		};
		1C79F28C2C0614D200980F80 /* Products */ = {
			isa = PBXGroup;
			children = (
				1C79F28B2C0614D200980F80 /* DataListAndPagination.app */,
			);
			name = Products;
			sourceTree = "<group>";
		};
		1C79F28D2C0614D200980F80 /* DataListAndPagination */ = {
			isa = PBXGroup;
			children = (
				1C79F2A22C0614F200980F80 /* Application */,
				1C79F2A32C06152F00980F80 /* Modules */,
				1C79F2A62C06154400980F80 /* Extension */,
				1C79F2A52C06153E00980F80 /* Services */,
				1C79F2A42C06153700980F80 /* Utility */,
				1C79F2A82C06156500980F80 /* Storyboard */,
				1C79F2972C0614D300980F80 /* Assets.xcassets */,
				1C79F29C2C0614D300980F80 /* Info.plist */,
			);
			path = DataListAndPagination;
			sourceTree = "<group>";
		};
		1C79F2A22C0614F200980F80 /* Application */ = {
			isa = PBXGroup;
			children = (
				1C79F28E2C0614D200980F80 /* AppDelegate.swift */,
			);
			path = Application;
			sourceTree = "<group>";
		};
		1C79F2A32C06152F00980F80 /* Modules */ = {
			isa = PBXGroup;
			children = (
				1C79F2A92C06157A00980F80 /* Home */,
			);
			path = Modules;
			sourceTree = "<group>";
		};
		1C79F2A42C06153700980F80 /* Utility */ = {
			isa = PBXGroup;
			children = (
				1C79F2B62C06164A00980F80 /* Constant.swift */,
				1C79F2B82C06165A00980F80 /* Logger.swift */,
			);
			path = Utility;
			sourceTree = "<group>";
		};
		1C79F2A52C06153E00980F80 /* Services */ = {
			isa = PBXGroup;
			children = (
				1C79F2AD2C0615D100980F80 /* WebService */,
			);
			path = Services;
			sourceTree = "<group>";
		};
		1C79F2A62C06154400980F80 /* Extension */ = {
			isa = PBXGroup;
			children = (
				1C79F2C62C061CB500980F80 /* UIViewController+Extension.swift */,
			);
			path = Extension;
			sourceTree = "<group>";
		};
		1C79F2A82C06156500980F80 /* Storyboard */ = {
			isa = PBXGroup;
			children = (
				1C79F2942C0614D200980F80 /* Main.storyboard */,
				1C79F2992C0614D300980F80 /* LaunchScreen.storyboard */,
			);
			path = Storyboard;
			sourceTree = "<group>";
		};
		1C79F2A92C06157A00980F80 /* Home */ = {
			isa = PBXGroup;
			children = (
				1C79F2AB2C06159100980F80 /* Model */,
				1C79F2AC2C06159600980F80 /* ViewModel */,
				1C79F2AA2C06158200980F80 /* View */,
			);
			path = Home;
			sourceTree = "<group>";
		};
		1C79F2AA2C06158200980F80 /* View */ = {
			isa = PBXGroup;
			children = (
				1C79F2BD2C06169200980F80 /* TableViewCell */,
				1C79F2BC2C06168800980F80 /* Controller */,
			);
			path = View;
			sourceTree = "<group>";
		};
		1C79F2AB2C06159100980F80 /* Model */ = {
			isa = PBXGroup;
			children = (
				1C79F2C42C0618BD00980F80 /* PostModel.swift */,
			);
			path = Model;
			sourceTree = "<group>";
		};
		1C79F2AC2C06159600980F80 /* ViewModel */ = {
			isa = PBXGroup;
			children = (
				1C79F2BE2C0616AF00980F80 /* HomeViewModel.swift */,
				1C79F2CD2C06313F00980F80 /* PostDetailsViewModel.swift */,
			);
			path = ViewModel;
			sourceTree = "<group>";
		};
		1C79F2AD2C0615D100980F80 /* WebService */ = {
			isa = PBXGroup;
			children = (
				1C79F2AE2C0615F800980F80 /* AlamofireApiService.swift */,
				1C79F2B02C06160B00980F80 /* APIEndPointType.swift */,
				1C79F2B22C06162000980F80 /* ApiTypeConfiguration+Extension.swift */,
			);
			path = WebService;
			sourceTree = "<group>";
		};
		1C79F2BC2C06168800980F80 /* Controller */ = {
			isa = PBXGroup;
			children = (
				1C79F2922C0614D200980F80 /* HomeVC.swift */,
				1C79F2CA2C06307600980F80 /* PostDetailsVC.swift */,
			);
			path = Controller;
			sourceTree = "<group>";
		};
		1C79F2BD2C06169200980F80 /* TableViewCell */ = {
			isa = PBXGroup;
			children = (
				1C79F2C02C06178C00980F80 /* PostTableViewCell.swift */,
				1C79F2C12C06178C00980F80 /* PostTableViewCell.xib */,
			);
			path = TableViewCell;
			sourceTree = "<group>";
		};
		367BAAD47123FB68842E5EEF /* Pods */ = {
			isa = PBXGroup;
			children = (
				60AFFC8719198B404391E612 /* Pods-DataListAndPagination.debug.xcconfig */,
				996C4DC828005BC3DFBDF922 /* Pods-DataListAndPagination.release.xcconfig */,
			);
			path = Pods;
			sourceTree = "<group>";
		};
		42007EEDFCDF3D3490D26A04 /* Frameworks */ = {
			isa = PBXGroup;
			children = (
				40DC0FE8E66A8A3BA2DB1234 /* Pods_DataListAndPagination.framework */,
			);
			name = Frameworks;
			sourceTree = "<group>";
		};
/* End PBXGroup section */

/* Begin PBXNativeTarget section */
		1C79F28A2C0614D200980F80 /* DataListAndPagination */ = {
			isa = PBXNativeTarget;
			buildConfigurationList = 1C79F29F2C0614D300980F80 /* Build configuration list for PBXNativeTarget "DataListAndPagination" */;
			buildPhases = (
				1065B35E7259071FF00D9EF0 /* [CP] Check Pods Manifest.lock */,
				1C79F2872C0614D200980F80 /* Sources */,
				1C79F2882C0614D200980F80 /* Frameworks */,
				1C79F2892C0614D200980F80 /* Resources */,
				CA6906A99438FC1B9F452809 /* [CP] Embed Pods Frameworks */,
			);
			buildRules = (
			);
			dependencies = (
			);
			name = DataListAndPagination;
			productName = DataListAndPagination;
			productReference = 1C79F28B2C0614D200980F80 /* DataListAndPagination.app */;
			productType = "com.apple.product-type.application";
		};
/* End PBXNativeTarget section */

/* Begin PBXProject section */
		1C79F2832C0614D200980F80 /* Project object */ = {
			isa = PBXProject;
			attributes = {
				BuildIndependentTargetsInParallel = 1;
				LastSwiftUpdateCheck = 1530;
				LastUpgradeCheck = 1530;
				TargetAttributes = {
					1C79F28A2C0614D200980F80 = {
						CreatedOnToolsVersion = 15.3;
					};
				};
			};
			buildConfigurationList = 1C79F2862C0614D200980F80 /* Build configuration list for PBXProject "DataListAndPagination" */;
			compatibilityVersion = "Xcode 14.0";
			developmentRegion = en;
			hasScannedForEncodings = 0;
			knownRegions = (
				en,
				Base,
			);
			mainGroup = 1C79F2822C0614D200980F80;
			productRefGroup = 1C79F28C2C0614D200980F80 /* Products */;
			projectDirPath = "";
			projectRoot = "";
			targets = (
				1C79F28A2C0614D200980F80 /* DataListAndPagination */,
			);
		};
/* End PBXProject section */

/* Begin PBXResourcesBuildPhase section */
		1C79F2892C0614D200980F80 /* Resources */ = {
			isa = PBXResourcesBuildPhase;
			buildActionMask = 2147483647;
			files = (
				1C79F2982C0614D300980F80 /* Assets.xcassets in Resources */,
				1C79F29B2C0614D300980F80 /* Base in Resources */,
				1C79F2962C0614D200980F80 /* Base in Resources */,
				1C79F2C32C06178C00980F80 /* PostTableViewCell.xib in Resources */,
			);
			runOnlyForDeploymentPostprocessing = 0;
		};
/* End PBXResourcesBuildPhase section */

/* Begin PBXShellScriptBuildPhase section */
		1065B35E7259071FF00D9EF0 /* [CP] Check Pods Manifest.lock */ = {
			isa = PBXShellScriptBuildPhase;
			buildActionMask = 2147483647;
			files = (
			);
			inputFileListPaths = (
			);
			inputPaths = (
				"${PODS_PODFILE_DIR_PATH}/Podfile.lock",
				"${PODS_ROOT}/Manifest.lock",
			);
			name = "[CP] Check Pods Manifest.lock";
			outputFileListPaths = (
			);
			outputPaths = (
				"$(DERIVED_FILE_DIR)/Pods-DataListAndPagination-checkManifestLockResult.txt",
			);
			runOnlyForDeploymentPostprocessing = 0;
			shellPath = /bin/sh;
			shellScript = "diff \"${PODS_PODFILE_DIR_PATH}/Podfile.lock\" \"${PODS_ROOT}/Manifest.lock\" > /dev/null\nif [ $? != 0 ] ; then\n    # print error to STDERR\n    echo \"error: The sandbox is not in sync with the Podfile.lock. Run 'pod install' or update your CocoaPods installation.\" >&2\n    exit 1\nfi\n# This output is used by Xcode 'outputs' to avoid re-running this script phase.\necho \"SUCCESS\" > \"${SCRIPT_OUTPUT_FILE_0}\"\n";
			showEnvVarsInLog = 0;
		};
		CA6906A99438FC1B9F452809 /* [CP] Embed Pods Frameworks */ = {
			isa = PBXShellScriptBuildPhase;
			buildActionMask = 2147483647;
			files = (
			);
			inputFileListPaths = (
				"${PODS_ROOT}/Target Support Files/Pods-DataListAndPagination/Pods-DataListAndPagination-frameworks-${CONFIGURATION}-input-files.xcfilelist",
			);
			name = "[CP] Embed Pods Frameworks";
			outputFileListPaths = (
				"${PODS_ROOT}/Target Support Files/Pods-DataListAndPagination/Pods-DataListAndPagination-frameworks-${CONFIGURATION}-output-files.xcfilelist",
			);
			runOnlyForDeploymentPostprocessing = 0;
			shellPath = /bin/sh;
			shellScript = "\"${PODS_ROOT}/Target Support Files/Pods-DataListAndPagination/Pods-DataListAndPagination-frameworks.sh\"\n";
			showEnvVarsInLog = 0;
		};
/* End PBXShellScriptBuildPhase section */

/* Begin PBXSourcesBuildPhase section */
		1C79F2872C0614D200980F80 /* Sources */ = {
			isa = PBXSourcesBuildPhase;
			buildActionMask = 2147483647;
			files = (
				1C79F2C22C06178C00980F80 /* PostTableViewCell.swift in Sources */,
				1C79F2C72C061CB500980F80 /* UIViewController+Extension.swift in Sources */,
				1C79F2C52C0618BD00980F80 /* PostModel.swift in Sources */,
				1C79F2B72C06164A00980F80 /* Constant.swift in Sources */,
				1C79F2CE2C06313F00980F80 /* PostDetailsViewModel.swift in Sources */,
				1C79F2BF2C0616AF00980F80 /* HomeViewModel.swift in Sources */,
				1C79F2CB2C06307600980F80 /* PostDetailsVC.swift in Sources */,
				1C79F2932C0614D200980F80 /* HomeVC.swift in Sources */,
				1C79F2B12C06160B00980F80 /* APIEndPointType.swift in Sources */,
				1C79F2AF2C0615F800980F80 /* AlamofireApiService.swift in Sources */,
				1C79F28F2C0614D200980F80 /* AppDelegate.swift in Sources */,
				1C79F2B32C06162000980F80 /* ApiTypeConfiguration+Extension.swift in Sources */,
				1C79F2B92C06165A00980F80 /* Logger.swift in Sources */,
			);
			runOnlyForDeploymentPostprocessing = 0;
		};
/* End PBXSourcesBuildPhase section */

/* Begin PBXVariantGroup section */
		1C79F2942C0614D200980F80 /* Main.storyboard */ = {
			isa = PBXVariantGroup;
			children = (
				1C79F2952C0614D200980F80 /* Base */,
			);
			name = Main.storyboard;
			sourceTree = "<group>";
		};
		1C79F2992C0614D300980F80 /* LaunchScreen.storyboard */ = {
			isa = PBXVariantGroup;
			children = (
				1C79F29A2C0614D300980F80 /* Base */,
			);
			name = LaunchScreen.storyboard;
			sourceTree = "<group>";
		};
/* End PBXVariantGroup section */

/* Begin XCBuildConfiguration section */
		1C79F29D2C0614D300980F80 /* Debug */ = {
			isa = XCBuildConfiguration;
			buildSettings = {
				ALWAYS_SEARCH_USER_PATHS = NO;
				ASSETCATALOG_COMPILER_GENERATE_SWIFT_ASSET_SYMBOL_EXTENSIONS = YES;
				CLANG_ANALYZER_NONNULL = YES;
				CLANG_ANALYZER_NUMBER_OBJECT_CONVERSION = YES_AGGRESSIVE;
				CLANG_CXX_LANGUAGE_STANDARD = "gnu++20";
				CLANG_ENABLE_MODULES = YES;
				CLANG_ENABLE_OBJC_ARC = YES;
				CLANG_ENABLE_OBJC_WEAK = YES;
				CLANG_WARN_BLOCK_CAPTURE_AUTORELEASING = YES;
				CLANG_WARN_BOOL_CONVERSION = YES;
				CLANG_WARN_COMMA = YES;
				CLANG_WARN_CONSTANT_CONVERSION = YES;
				CLANG_WARN_DEPRECATED_OBJC_IMPLEMENTATIONS = YES;
				CLANG_WARN_DIRECT_OBJC_ISA_USAGE = YES_ERROR;
				CLANG_WARN_DOCUMENTATION_COMMENTS = YES;
				CLANG_WARN_EMPTY_BODY = YES;
				CLANG_WARN_ENUM_CONVERSION = YES;
				CLANG_WARN_INFINITE_RECURSION = YES;
				CLANG_WARN_INT_CONVERSION = YES;
				CLANG_WARN_NON_LITERAL_NULL_CONVERSION = YES;
				CLANG_WARN_OBJC_IMPLICIT_RETAIN_SELF = YES;
				CLANG_WARN_OBJC_LITERAL_CONVERSION = YES;
				CLANG_WARN_OBJC_ROOT_CLASS = YES_ERROR;
				CLANG_WARN_QUOTED_INCLUDE_IN_FRAMEWORK_HEADER = YES;
				CLANG_WARN_RANGE_LOOP_ANALYSIS = YES;
				CLANG_WARN_STRICT_PROTOTYPES = YES;
				CLANG_WARN_SUSPICIOUS_MOVE = YES;
				CLANG_WARN_UNGUARDED_AVAILABILITY = YES_AGGRESSIVE;
				CLANG_WARN_UNREACHABLE_CODE = YES;
				CLANG_WARN__DUPLICATE_METHOD_MATCH = YES;
				COPY_PHASE_STRIP = NO;
				DEBUG_INFORMATION_FORMAT = dwarf;
				ENABLE_STRICT_OBJC_MSGSEND = YES;
				ENABLE_TESTABILITY = YES;
				ENABLE_USER_SCRIPT_SANDBOXING = YES;
				GCC_C_LANGUAGE_STANDARD = gnu17;
				GCC_DYNAMIC_NO_PIC = NO;
				GCC_NO_COMMON_BLOCKS = YES;
				GCC_OPTIMIZATION_LEVEL = 0;
				GCC_PREPROCESSOR_DEFINITIONS = (
					"DEBUG=1",
					"$(inherited)",
				);
				GCC_WARN_64_TO_32_BIT_CONVERSION = YES;
				GCC_WARN_ABOUT_RETURN_TYPE = YES_ERROR;
				GCC_WARN_UNDECLARED_SELECTOR = YES;
				GCC_WARN_UNINITIALIZED_AUTOS = YES_AGGRESSIVE;
				GCC_WARN_UNUSED_FUNCTION = YES;
				GCC_WARN_UNUSED_VARIABLE = YES;
				IPHONEOS_DEPLOYMENT_TARGET = 17.4;
				LOCALIZATION_PREFERS_STRING_CATALOGS = YES;
				MTL_ENABLE_DEBUG_INFO = INCLUDE_SOURCE;
				MTL_FAST_MATH = YES;
				ONLY_ACTIVE_ARCH = YES;
				SDKROOT = iphoneos;
				SWIFT_ACTIVE_COMPILATION_CONDITIONS = "DEBUG $(inherited)";
				SWIFT_OPTIMIZATION_LEVEL = "-Onone";
			};
			name = Debug;
		};
		1C79F29E2C0614D300980F80 /* Release */ = {
			isa = XCBuildConfiguration;
			buildSettings = {
				ALWAYS_SEARCH_USER_PATHS = NO;
				ASSETCATALOG_COMPILER_GENERATE_SWIFT_ASSET_SYMBOL_EXTENSIONS = YES;
				CLANG_ANALYZER_NONNULL = YES;
				CLANG_ANALYZER_NUMBER_OBJECT_CONVERSION = YES_AGGRESSIVE;
				CLANG_CXX_LANGUAGE_STANDARD = "gnu++20";
				CLANG_ENABLE_MODULES = YES;
				CLANG_ENABLE_OBJC_ARC = YES;
				CLANG_ENABLE_OBJC_WEAK = YES;
				CLANG_WARN_BLOCK_CAPTURE_AUTORELEASING = YES;
				CLANG_WARN_BOOL_CONVERSION = YES;
				CLANG_WARN_COMMA = YES;
				CLANG_WARN_CONSTANT_CONVERSION = YES;
				CLANG_WARN_DEPRECATED_OBJC_IMPLEMENTATIONS = YES;
				CLANG_WARN_DIRECT_OBJC_ISA_USAGE = YES_ERROR;
				CLANG_WARN_DOCUMENTATION_COMMENTS = YES;
				CLANG_WARN_EMPTY_BODY = YES;
				CLANG_WARN_ENUM_CONVERSION = YES;
				CLANG_WARN_INFINITE_RECURSION = YES;
				CLANG_WARN_INT_CONVERSION = YES;
				CLANG_WARN_NON_LITERAL_NULL_CONVERSION = YES;
				CLANG_WARN_OBJC_IMPLICIT_RETAIN_SELF = YES;
				CLANG_WARN_OBJC_LITERAL_CONVERSION = YES;
				CLANG_WARN_OBJC_ROOT_CLASS = YES_ERROR;
				CLANG_WARN_QUOTED_INCLUDE_IN_FRAMEWORK_HEADER = YES;
				CLANG_WARN_RANGE_LOOP_ANALYSIS = YES;
				CLANG_WARN_STRICT_PROTOTYPES = YES;
				CLANG_WARN_SUSPICIOUS_MOVE = YES;
				CLANG_WARN_UNGUARDED_AVAILABILITY = YES_AGGRESSIVE;
				CLANG_WARN_UNREACHABLE_CODE = YES;
				CLANG_WARN__DUPLICATE_METHOD_MATCH = YES;
				COPY_PHASE_STRIP = NO;
				DEBUG_INFORMATION_FORMAT = "dwarf-with-dsym";
				ENABLE_NS_ASSERTIONS = NO;
				ENABLE_STRICT_OBJC_MSGSEND = YES;
				ENABLE_USER_SCRIPT_SANDBOXING = YES;
				GCC_C_LANGUAGE_STANDARD = gnu17;
				GCC_NO_COMMON_BLOCKS = YES;
				GCC_WARN_64_TO_32_BIT_CONVERSION = YES;
				GCC_WARN_ABOUT_RETURN_TYPE = YES_ERROR;
				GCC_WARN_UNDECLARED_SELECTOR = YES;
				GCC_WARN_UNINITIALIZED_AUTOS = YES_AGGRESSIVE;
				GCC_WARN_UNUSED_FUNCTION = YES;
				GCC_WARN_UNUSED_VARIABLE = YES;
				IPHONEOS_DEPLOYMENT_TARGET = 17.4;
				LOCALIZATION_PREFERS_STRING_CATALOGS = YES;
				MTL_ENABLE_DEBUG_INFO = NO;
				MTL_FAST_MATH = YES;
				SDKROOT = iphoneos;
				SWIFT_COMPILATION_MODE = wholemodule;
				VALIDATE_PRODUCT = YES;
			};
			name = Release;
		};
		1C79F2A02C0614D300980F80 /* Debug */ = {
			isa = XCBuildConfiguration;
			baseConfigurationReference = 60AFFC8719198B404391E612 /* Pods-DataListAndPagination.debug.xcconfig */;
			buildSettings = {
				ASSETCATALOG_COMPILER_APPICON_NAME = AppIcon;
				ASSETCATALOG_COMPILER_GLOBAL_ACCENT_COLOR_NAME = AccentColor;
				CODE_SIGN_STYLE = Automatic;
				CURRENT_PROJECT_VERSION = 1;
				DEVELOPMENT_TEAM = F56FC8LMJX;
				ENABLE_USER_SCRIPT_SANDBOXING = NO;
				GENERATE_INFOPLIST_FILE = YES;
				INFOPLIST_FILE = DataListAndPagination/Info.plist;
				INFOPLIST_KEY_UIApplicationSupportsIndirectInputEvents = YES;
				INFOPLIST_KEY_UILaunchStoryboardName = LaunchScreen;
				INFOPLIST_KEY_UIMainStoryboardFile = Main;
				INFOPLIST_KEY_UISupportedInterfaceOrientations_iPad = "UIInterfaceOrientationPortrait UIInterfaceOrientationPortraitUpsideDown UIInterfaceOrientationLandscapeLeft UIInterfaceOrientationLandscapeRight";
				INFOPLIST_KEY_UISupportedInterfaceOrientations_iPhone = "UIInterfaceOrientationPortrait UIInterfaceOrientationLandscapeLeft UIInterfaceOrientationLandscapeRight";
				LD_RUNPATH_SEARCH_PATHS = (
					"$(inherited)",
					"@executable_path/Frameworks",
				);
				MARKETING_VERSION = 1.0;
				PRODUCT_BUNDLE_IDENTIFIER = com.piyushsinroja.DataListAndPagination;
				PRODUCT_NAME = "$(TARGET_NAME)";
				SWIFT_EMIT_LOC_STRINGS = YES;
				SWIFT_VERSION = 5.0;
				TARGETED_DEVICE_FAMILY = "1,2";
			};
			name = Debug;
		};
		1C79F2A12C0614D300980F80 /* Release */ = {
			isa = XCBuildConfiguration;
			baseConfigurationReference = 996C4DC828005BC3DFBDF922 /* Pods-DataListAndPagination.release.xcconfig */;
			buildSettings = {
				ASSETCATALOG_COMPILER_APPICON_NAME = AppIcon;
				ASSETCATALOG_COMPILER_GLOBAL_ACCENT_COLOR_NAME = AccentColor;
				CODE_SIGN_STYLE = Automatic;
				CURRENT_PROJECT_VERSION = 1;
				DEVELOPMENT_TEAM = F56FC8LMJX;
				ENABLE_USER_SCRIPT_SANDBOXING = NO;
				GENERATE_INFOPLIST_FILE = YES;
				INFOPLIST_FILE = DataListAndPagination/Info.plist;
				INFOPLIST_KEY_UIApplicationSupportsIndirectInputEvents = YES;
				INFOPLIST_KEY_UILaunchStoryboardName = LaunchScreen;
				INFOPLIST_KEY_UIMainStoryboardFile = Main;
				INFOPLIST_KEY_UISupportedInterfaceOrientations_iPad = "UIInterfaceOrientationPortrait UIInterfaceOrientationPortraitUpsideDown UIInterfaceOrientationLandscapeLeft UIInterfaceOrientationLandscapeRight";
				INFOPLIST_KEY_UISupportedInterfaceOrientations_iPhone = "UIInterfaceOrientationPortrait UIInterfaceOrientationLandscapeLeft UIInterfaceOrientationLandscapeRight";
				LD_RUNPATH_SEARCH_PATHS = (
					"$(inherited)",
					"@executable_path/Frameworks",
				);
				MARKETING_VERSION = 1.0;
				PRODUCT_BUNDLE_IDENTIFIER = com.piyushsinroja.DataListAndPagination;
				PRODUCT_NAME = "$(TARGET_NAME)";
				SWIFT_EMIT_LOC_STRINGS = YES;
				SWIFT_VERSION = 5.0;
				TARGETED_DEVICE_FAMILY = "1,2";
			};
			name = Release;
		};
/* End XCBuildConfiguration section */

/* Begin XCConfigurationList section */
		1C79F2862C0614D200980F80 /* Build configuration list for PBXProject "DataListAndPagination" */ = {
			isa = XCConfigurationList;
			buildConfigurations = (
				1C79F29D2C0614D300980F80 /* Debug */,
				1C79F29E2C0614D300980F80 /* Release */,
			);
			defaultConfigurationIsVisible = 0;
			defaultConfigurationName = Release;
		};
		1C79F29F2C0614D300980F80 /* Build configuration list for PBXNativeTarget "DataListAndPagination" */ = {
			isa = XCConfigurationList;
			buildConfigurations = (
				1C79F2A02C0614D300980F80 /* Debug */,
				1C79F2A12C0614D300980F80 /* Release */,
			);
			defaultConfigurationIsVisible = 0;
			defaultConfigurationName = Release;
		};
/* End XCConfigurationList section */
	};
	rootObject = 1C79F2832C0614D200980F80 /* Project object */;
}
